
Microsoft Visual Studio Solution File, Format Version 12.00
Project("{2150E333-8FDC-42A3-9474-1A3956D46DE8}") = "Solution Items", "Solution Items", "{F1B4E215-7BC2-410D-9E8C-FC1DE586D309}"
	ProjectSection(SolutionItems) = preProject
		docker-compose.yml = docker-compose.yml
		.editorconfig = .editorconfig
		.gitignore = .gitignore
	EndProjectSection
EndProject
Project("{2150E333-8FDC-42A3-9474-1A3956D46DE8}") = "src", "src", "{261FA91D-04EA-4AA1-9584-B2D31D340297}"
EndProject
Project("{2150E333-8FDC-42A3-9474-1A3956D46DE8}") = "Shared", "Shared", "{058EDE43-7935-483D-B55A-9431CBC664CD}"
EndProject
Project("{2150E333-8FDC-42A3-9474-1A3956D46DE8}") = "Modules", "Modules", "{579D63D0-D7DF-43D1-8A03-D2E0CD2956AC}"
EndProject
Project("{FAE04EC0-301F-11D3-BF4B-00C04F79EFBC}") = "DataProducer", "src\Modules\DataProducer\DataProducer.csproj", "{DC2AB0F4-55FC-4D39-A4EB-024C1E37BCBA}"
EndProject
Global
	GlobalSection(SolutionConfigurationPlatforms) = preSolution
		Debug|Any CPU = Debug|Any CPU
		Release|Any CPU = Release|Any CPU
	EndGlobalSection
	GlobalSection(ProjectConfigurationPlatforms) = postSolution
		{DC2AB0F4-55FC-4D39-A4EB-024C1E37BCBA}.Debug|Any CPU.ActiveCfg = Debug|Any CPU
		{DC2AB0F4-55FC-4D39-A4EB-024C1E37BCBA}.Debug|Any CPU.Build.0 = Debug|Any CPU
		{DC2AB0F4-55FC-4D39-A4EB-024C1E37BCBA}.Release|Any CPU.ActiveCfg = Release|Any CPU
		{DC2AB0F4-55FC-4D39-A4EB-024C1E37BCBA}.Release|Any CPU.Build.0 = Release|Any CPU
	EndGlobalSection
	GlobalSection(NestedProjects) = preSolution
		{058EDE43-7935-483D-B55A-9431CBC664CD} = {261FA91D-04EA-4AA1-9584-B2D31D340297}
		{579D63D0-D7DF-43D1-8A03-D2E0CD2956AC} = {261FA91D-04EA-4AA1-9584-B2D31D340297}
		{DC2AB0F4-55FC-4D39-A4EB-024C1E37BCBA} = {058EDE43-7935-483D-B55A-9431CBC664CD}
	EndGlobalSection
EndGlobal
